
Microsoft Visual Studio Solution File, Format Version 12.00
# Visual Studio 15
VisualStudioVersion = 15.0.28010.2016
MinimumVisualStudioVersion = 10.0.40219.1
Project("{FAE04EC0-301F-11D3-BF4B-00C04F79EFBC}") = "CrudTeste", "CrudTeste\CrudTeste.csproj", "{C77A57A6-7D6B-49E9-877C-DE20F610CB7A}"
EndProject
Global
	GlobalSection(SolutionConfigurationPlatforms) = preSolution
		Debug|Any CPU = Debug|Any CPU
		Release|Any CPU = Release|Any CPU
	EndGlobalSection
	GlobalSection(ProjectConfigurationPlatforms) = postSolution
		{C77A57A6-7D6B-49E9-877C-DE20F610CB7A}.Debug|Any CPU.ActiveCfg = Debug|Any CPU
		{C77A57A6-7D6B-49E9-877C-DE20F610CB7A}.Debug|Any CPU.Build.0 = Debug|Any CPU
		{C77A57A6-7D6B-49E9-877C-DE20F610CB7A}.Release|Any CPU.ActiveCfg = Release|Any CPU
		{C77A57A6-7D6B-49E9-877C-DE20F610CB7A}.Release|Any CPU.Build.0 = Release|Any CPU
	EndGlobalSection
	GlobalSection(SolutionProperties) = preSolution
		HideSolutionNode = FALSE
	EndGlobalSection
	GlobalSection(ExtensibilityGlobals) = postSolution
		SolutionGuid = {B170FA93-F540-4E9B-8606-90376308F221}
	EndGlobalSection
EndGlobal
